{
  "version": 4,
  "terraform_version": "1.5.0",
  "serial": 61,
  "lineage": "15fb45f2-5979-616c-71a5-0708191e4e92",
  "outputs": {},
  "resources": [
    {
      "mode": "data",
      "type": "digitalocean_ssh_key",
      "name": "terraform",
      "provider": "provider[\"registry.terraform.io/digitalocean/digitalocean\"]",
      "instances": [
        {
          "schema_version": 0,
          "attributes": {
            "fingerprint": "ee:b1:72:62:87:c0:51:6d:73:b9:7d:a4:33:3d:71:ed",
            "id": 38591534,
            "name": "terraform",
            "public_key": "ssh-rsa AAAAB3NzaC1yc2EAAAADAQABAAABgQDgn0iYoqWxUKcbbTTrqb2I+ESYRCfa15ShRJI/8Vsgj1DMpVR5mnvVu0pGcOFM8T8ZilBr8OWPh2BCl8OuQWnFLXOEvN83t1HSVt9Pf6BnapVk9pi9c9CjnsmAYllzqfRlL0KxcdjJu8AkX/IWuQ9D/nEfzTnSiv7jHn+uUpNTCsNtk/3jBvi1U0S1Vd2dFaLTRQZgRQxmyMBqTc5xcef1DR7KO5tp/wZKzvRM8EUXLPSrs3epkEZ4gYm0u9FvRZCIYenHm+QFc07DevR4/NrvV3iSxJ5VpyhomBbjLB1MIfUs/w/JuNYJwbQDdBxxsCs2KAn4G6+5JTCo69rxZVYzlMYwcZdgQ9mjNgS6ZNpa4X0tZWNkFCi4PSOi5yeEjUVLV//0RjR7oHZYpbvxzQNvA5Lq4DhXbVQ/TIGdlPvJ+L0/iCbKln8GBOOsVswMjOvnv3JOk9fGhGPCZRK6IuunjI7TEvK3n/67HdTVyAQUlKBwe5kuCBdzs6ZMhV+XI5s= goit@goit-HP-ZBook-15-G5"
          },
          "sensitive_attributes": []
        }
      ]
    },
    {
      "mode": "managed",
      "type": "digitalocean_database_cluster",
      "name": "postgres-analistic",
      "provider": "provider[\"registry.terraform.io/digitalocean/digitalocean\"]",
      "instances": [
        {
          "schema_version": 0,
          "attributes": {
            "backup_restore": [],
            "database": "defaultdb",
            "engine": "pg",
            "eviction_policy": null,
            "host": "analistic-postgres-teens-do-user-14206010-0.b.db.ondigitalocean.com",
            "id": "85a037ed-4dba-49eb-b2c1-ec9f98b4686e",
            "maintenance_window": [],
            "name": "analistic-postgres-teens",
            "node_count": 1,
            "password": "AVNS_kjbQmO7gDSzW8RD7xIk",
            "port": 25060,
            "private_host": "private-analistic-postgres-teens-do-user-14206010-0.b.db.ondigitalocean.com",
            "private_network_uuid": "250a2fd1-7d55-42c7-9339-ada32d05b2cc",
            "private_uri": "postgresql://doadmin:AVNS_kjbQmO7gDSzW8RD7xIk@private-analistic-postgres-teens-do-user-14206010-0.b.db.ondigitalocean.com:25060/defaultdb?sslmode=require",
            "project_id": "fc58dfe3-4daa-423c-b5e8-cb8489e432a9",
            "region": "ams3",
            "size": "db-s-1vcpu-1gb",
            "sql_mode": null,
            "tags": [],
            "timeouts": null,
            "uri": "postgresql://doadmin:AVNS_kjbQmO7gDSzW8RD7xIk@analistic-postgres-teens-do-user-14206010-0.b.db.ondigitalocean.com:25060/defaultdb?sslmode=require",
            "urn": "do:dbaas:85a037ed-4dba-49eb-b2c1-ec9f98b4686e",
            "user": "doadmin",
            "version": "15"
          },
          "sensitive_attributes": [],
          "private": "eyJlMmJmYjczMC1lY2FhLTExZTYtOGY4OC0zNDM2M2JjN2M0YzAiOnsiY3JlYXRlIjoxODAwMDAwMDAwMDAwfX0="
        }
      ]
    },
    {
      "mode": "managed",
      "type": "digitalocean_database_cluster",
      "name": "postgres-teens",
      "provider": "provider[\"registry.terraform.io/digitalocean/digitalocean\"]",
      "instances": [
        {
          "schema_version": 0,
          "attributes": {
            "backup_restore": [],
            "database": "defaultdb",
            "engine": "pg",
            "eviction_policy": null,
            "host": "teens-postgres-cluster-do-user-14206010-0.b.db.ondigitalocean.com",
            "id": "7926b472-d47c-4ef8-84bc-681baa932f87",
            "maintenance_window": [],
            "name": "teens-postgres-cluster",
            "node_count": 1,
            "password": "AVNS_7xaWOjwzH0NXZDXxfcL",
            "port": 25060,
            "private_host": "private-teens-postgres-cluster-do-user-14206010-0.b.db.ondigitalocean.com",
            "private_network_uuid": "250a2fd1-7d55-42c7-9339-ada32d05b2cc",
            "private_uri": "postgresql://doadmin:AVNS_7xaWOjwzH0NXZDXxfcL@private-teens-postgres-cluster-do-user-14206010-0.b.db.ondigitalocean.com:25060/defaultdb?sslmode=require",
            "project_id": "fc58dfe3-4daa-423c-b5e8-cb8489e432a9",
            "region": "ams3",
            "size": "db-s-1vcpu-1gb",
            "sql_mode": null,
            "tags": [],
            "timeouts": null,
            "uri": "postgresql://doadmin:AVNS_7xaWOjwzH0NXZDXxfcL@teens-postgres-cluster-do-user-14206010-0.b.db.ondigitalocean.com:25060/defaultdb?sslmode=require",
            "urn": "do:dbaas:7926b472-d47c-4ef8-84bc-681baa932f87",
            "user": "doadmin",
            "version": "15"
          },
          "sensitive_attributes": [],
          "private": "eyJlMmJmYjczMC1lY2FhLTExZTYtOGY4OC0zNDM2M2JjN2M0YzAiOnsiY3JlYXRlIjoxODAwMDAwMDAwMDAwfX0="
        }
      ]
    },
    {
      "mode": "managed",
      "type": "digitalocean_droplet",
      "name": "LMS-PROD-jenkins-teens",
      "provider": "provider[\"registry.terraform.io/digitalocean/digitalocean\"]",
      "instances": [
        {
          "schema_version": 1,
          "attributes": {
            "backups": false,
            "created_at": "2023-06-15T09:50:41Z",
            "disk": 320,
            "droplet_agent": null,
            "graceful_shutdown": false,
            "id": "360728137",
            "image": "ubuntu-20-04-x64",
            "ipv4_address": "174.138.14.51",
            "ipv4_address_private": "10.110.0.6",
            "ipv6": false,
            "ipv6_address": "",
            "locked": false,
            "memory": 16384,
            "monitoring": false,
            "name": "LMS-PROD-jenkins-teens",
            "price_hourly": 0.14286,
            "price_monthly": 96,
            "private_networking": true,
            "region": "ams3",
            "resize_disk": true,
            "size": "s-8vcpu-16gb",
            "ssh_keys": [
              "38591534"
            ],
            "status": "active",
            "tags": null,
            "timeouts": null,
            "urn": "do:droplet:360728137",
            "user_data": null,
            "vcpus": 8,
            "volume_ids": [],
            "vpc_uuid": "250a2fd1-7d55-42c7-9339-ada32d05b2cc"
          },
          "sensitive_attributes": [],
          "private": "eyJlMmJmYjczMC1lY2FhLTExZTYtOGY4OC0zNDM2M2JjN2M0YzAiOnsiY3JlYXRlIjozNjAwMDAwMDAwMDAwLCJkZWxldGUiOjYwMDAwMDAwMDAwLCJ1cGRhdGUiOjM2MDAwMDAwMDAwMDB9LCJzY2hlbWFfdmVyc2lvbiI6IjEifQ==",
          "dependencies": [
            "data.digitalocean_ssh_key.terraform"
          ]
        }
      ]
    },
    {
      "mode": "managed",
      "type": "digitalocean_droplet",
      "name": "LMS-PROD-kafka",
      "provider": "provider[\"registry.terraform.io/digitalocean/digitalocean\"]",
      "instances": [
        {
          "schema_version": 1,
          "attributes": {
            "backups": false,
            "created_at": "2023-06-15T09:34:24Z",
            "disk": 160,
            "droplet_agent": null,
            "graceful_shutdown": false,
            "id": "360726606",
            "image": "ubuntu-20-04-x64",
            "ipv4_address": "142.93.133.185",
            "ipv4_address_private": "10.110.0.7",
            "ipv6": false,
            "ipv6_address": "",
            "locked": false,
            "memory": 8192,
            "monitoring": false,
            "name": "LMS-PROD-kafka",
            "price_hourly": 0.07143,
            "price_monthly": 48,
            "private_networking": true,
            "region": "ams3",
            "resize_disk": true,
            "size": "s-4vcpu-8gb",
            "ssh_keys": [
              "38591534"
            ],
            "status": "active",
            "tags": [],
            "timeouts": null,
            "urn": "do:droplet:360726606",
            "user_data": null,
            "vcpus": 4,
            "volume_ids": [],
            "vpc_uuid": "250a2fd1-7d55-42c7-9339-ada32d05b2cc"
          },
          "sensitive_attributes": [],
          "private": "eyJlMmJmYjczMC1lY2FhLTExZTYtOGY4OC0zNDM2M2JjN2M0YzAiOnsiY3JlYXRlIjozNjAwMDAwMDAwMDAwLCJkZWxldGUiOjYwMDAwMDAwMDAwLCJ1cGRhdGUiOjM2MDAwMDAwMDAwMDB9LCJzY2hlbWFfdmVyc2lvbiI6IjEifQ==",
          "dependencies": [
            "data.digitalocean_ssh_key.terraform"
          ]
        }
      ]
    },
    {
      "mode": "managed",
      "type": "digitalocean_droplet",
      "name": "LMS-PROD-teens",
      "provider": "provider[\"registry.terraform.io/digitalocean/digitalocean\"]",
      "instances": [
        {
          "schema_version": 1,
          "attributes": {
            "backups": false,
            "created_at": "2023-06-14T13:18:48Z",
            "disk": 160,
            "droplet_agent": null,
            "graceful_shutdown": false,
            "id": "360588383",
            "image": "ubuntu-20-04-x64",
            "ipv4_address": "164.90.196.123",
            "ipv4_address_private": "10.110.0.2",
            "ipv6": false,
            "ipv6_address": "",
            "locked": false,
            "memory": 8192,
            "monitoring": false,
            "name": "LMS-PROD-teens",
            "price_hourly": 0.07143,
            "price_monthly": 48,
            "private_networking": true,
            "region": "ams3",
            "resize_disk": true,
            "size": "s-4vcpu-8gb",
            "ssh_keys": [
              "38591534"
            ],
            "status": "active",
            "tags": [],
            "timeouts": null,
            "urn": "do:droplet:360588383",
            "user_data": null,
            "vcpus": 4,
            "volume_ids": [],
            "vpc_uuid": "250a2fd1-7d55-42c7-9339-ada32d05b2cc"
          },
          "sensitive_attributes": [],
          "private": "eyJlMmJmYjczMC1lY2FhLTExZTYtOGY4OC0zNDM2M2JjN2M0YzAiOnsiY3JlYXRlIjozNjAwMDAwMDAwMDAwLCJkZWxldGUiOjYwMDAwMDAwMDAwLCJ1cGRhdGUiOjM2MDAwMDAwMDAwMDB9LCJzY2hlbWFfdmVyc2lvbiI6IjEifQ==",
          "dependencies": [
            "data.digitalocean_ssh_key.terraform"
          ]
        }
      ]
    },
    {
      "module": "module.vpc",
      "mode": "managed",
      "type": "digitalocean_vpc",
      "name": "default",
      "provider": "provider[\"registry.terraform.io/digitalocean/digitalocean\"]",
      "instances": [
        {
          "index_key": 0,
          "schema_version": 0,
          "attributes": {
            "created_at": "2023-06-14 13:03:41 +0000 UTC",
            "default": true,
            "description": "VPC-prod-goiteens",
            "id": "1e823af0-6757-45e1-819c-e74e74db3b61",
            "ip_range": "172.16.0.0/27",
            "name": "goiteensgoiteensproductiongoiteens0-vpc",
            "region": "blr1",
            "timeouts": null,
            "urn": "do:vpc:1e823af0-6757-45e1-819c-e74e74db3b61"
          },
          "sensitive_attributes": [],
          "private": "eyJlMmJmYjczMC1lY2FhLTExZTYtOGY4OC0zNDM2M2JjN2M0YzAiOnsiZGVsZXRlIjoxMjAwMDAwMDAwMDB9fQ==",
          "dependencies": [
            "module.vpc.module.labels.digitalocean_tag.id"
          ]
        }
      ]
    },
    {
      "module": "module.vpc.module.labels",
      "mode": "managed",
      "type": "digitalocean_tag",
      "name": "environment",
      "provider": "provider[\"registry.terraform.io/digitalocean/digitalocean\"]",
      "instances": [
        {
          "index_key": 0,
          "schema_version": 0,
          "attributes": {
            "databases_count": 0,
            "droplets_count": 0,
            "id": "Environment:-production",
            "images_count": 0,
            "name": "Environment:-production",
            "total_resource_count": 0,
            "volume_snapshots_count": 0,
            "volumes_count": 0
          },
          "sensitive_attributes": [],
          "private": "bnVsbA=="
        }
      ]
    },
    {
      "module": "module.vpc.module.labels",
      "mode": "managed",
      "type": "digitalocean_tag",
      "name": "id",
      "provider": "provider[\"registry.terraform.io/digitalocean/digitalocean\"]",
      "instances": [
        {
          "index_key": 0,
          "schema_version": 0,
          "attributes": {
            "databases_count": 0,
            "droplets_count": 0,
            "id": "goiteensgoiteensproductiongoiteens0",
            "images_count": 0,
            "name": "goiteensgoiteensproductiongoiteens0",
            "total_resource_count": 0,
            "volume_snapshots_count": 0,
            "volumes_count": 0
          },
          "sensitive_attributes": [],
          "private": "bnVsbA=="
        }
      ]
    },
    {
      "module": "module.vpc.module.labels",
      "mode": "managed",
      "type": "digitalocean_tag",
      "name": "managedby",
      "provider": "provider[\"registry.terraform.io/digitalocean/digitalocean\"]",
      "instances": [
        {
          "index_key": 0,
          "schema_version": 0,
          "attributes": {
            "databases_count": 0,
            "droplets_count": 0,
            "id": "Managedby:-CloudDrove",
            "images_count": 0,
            "name": "Managedby:-CloudDrove",
            "total_resource_count": 0,
            "volume_snapshots_count": 0,
            "volumes_count": 0
          },
          "sensitive_attributes": [],
          "private": "bnVsbA=="
        }
      ]
    },
    {
      "module": "module.vpc.module.labels",
      "mode": "managed",
      "type": "digitalocean_tag",
      "name": "name",
      "provider": "provider[\"registry.terraform.io/digitalocean/digitalocean\"]",
      "instances": [
        {
          "index_key": 0,
          "schema_version": 0,
          "attributes": {
            "databases_count": 0,
            "droplets_count": 0,
            "id": "Name:-goiteens",
            "images_count": 0,
            "name": "Name:-goiteens",
            "total_resource_count": 0,
            "volume_snapshots_count": 0,
            "volumes_count": 0
          },
          "sensitive_attributes": [],
          "private": "bnVsbA=="
        }
      ]
    }
  ],
  "check_results": null
}
